<Solution>
  <Configurations>
    <BuildType Name="Debug" />
    <BuildType Name="Default" />
    <BuildType Name="Release" />
  </Configurations>
  <Folder Name="/Solution Items/">
    <File Path="TextFile1.txt" />
  </Folder>
  <Project Path="RapportinoServer.csproj">
    <BuildType Solution="Default|*" Project="Release" />
    <Build Solution="Default|*" Project="false" />
  </Project>
</Solution>
